
Microsoft Visual Studio Solution File, Format Version 12.00
# Visual Studio Version 17
VisualStudioVersion = 17.7.34024.191
MinimumVisualStudioVersion = 10.0.40219.1
Project("{FAE04EC0-301F-11D3-BF4B-00C04F79EFBC}") = "SrdnAuth", "SrdnAuth\SrdnAuth.csproj", "{F93526D9-B5A1-47AD-B639-1F44EE0CB392}"
EndProject
Global
	GlobalSection(SolutionConfigurationPlatforms) = preSolution
		Debug|Any CPU = Debug|Any CPU
		Release|Any CPU = Release|Any CPU
	EndGlobalSection
	GlobalSection(ProjectConfigurationPlatforms) = postSolution
		{F93526D9-B5A1-47AD-B639-1F44EE0CB392}.Debug|Any CPU.ActiveCfg = Debug|Any CPU
		{F93526D9-B5A1-47AD-B639-1F44EE0CB392}.Debug|Any CPU.Build.0 = Debug|Any CPU
		{F93526D9-B5A1-47AD-B639-1F44EE0CB392}.Debug|Any CPU.Deploy.0 = Debug|Any CPU
		{F93526D9-B5A1-47AD-B639-1F44EE0CB392}.Release|Any CPU.ActiveCfg = Release|Any CPU
		{F93526D9-B5A1-47AD-B639-1F44EE0CB392}.Release|Any CPU.Build.0 = Release|Any CPU
		{F93526D9-B5A1-47AD-B639-1F44EE0CB392}.Release|Any CPU.Deploy.0 = Release|Any CPU
	EndGlobalSection
	GlobalSection(SolutionProperties) = preSolution
		HideSolutionNode = FALSE
	EndGlobalSection
	GlobalSection(ExtensibilityGlobals) = postSolution
		SolutionGuid = {2E6C5574-D9AD-47AA-966C-4514D10ADE0C}
	EndGlobalSection
EndGlobal
